
Microsoft Visual Studio Solution File, Format Version 12.00
# Visual Studio Version 17
VisualStudioVersion = 17.12.35527.113
MinimumVisualStudioVersion = 10.0.40219.1
Project("{FAE04EC0-301F-11D3-BF4B-00C04F79EFBC}") = "MoodleApplication.Domain", "MoodleApplication.Domain\MoodleApplication.Domain.csproj", "{E50A88AD-4C52-4976-99E2-0B5CA1751E70}"
EndProject
Project("{FAE04EC0-301F-11D3-BF4B-00C04F79EFBC}") = "MoodleApplication.Application", "MoodleApplication.Application\MoodleApplication.Application.csproj", "{F4EDA64C-F0F1-4DEF-A29C-727BB10E7685}"
EndProject
Project("{FAE04EC0-301F-11D3-BF4B-00C04F79EFBC}") = "MoodleApplication.Infrastructure", "MoodleApplication.Infrastructure\MoodleApplication.Infrastructure.csproj", "{96D6E610-A544-495F-B75B-BDAA62FDCCBD}"
EndProject
Project("{FAE04EC0-301F-11D3-BF4B-00C04F79EFBC}") = "MoodleApplication.Console", "MoodleApplication.Console\MoodleApplication.Console.csproj", "{6AB42225-DFA2-4A0B-8465-CF909AAC8A41}"
EndProject
Global
	GlobalSection(SolutionConfigurationPlatforms) = preSolution
		Debug|Any CPU = Debug|Any CPU
		Release|Any CPU = Release|Any CPU
	EndGlobalSection
	GlobalSection(ProjectConfigurationPlatforms) = postSolution
		{E50A88AD-4C52-4976-99E2-0B5CA1751E70}.Debug|Any CPU.ActiveCfg = Debug|Any CPU
		{E50A88AD-4C52-4976-99E2-0B5CA1751E70}.Debug|Any CPU.Build.0 = Debug|Any CPU
		{E50A88AD-4C52-4976-99E2-0B5CA1751E70}.Release|Any CPU.ActiveCfg = Release|Any CPU
		{E50A88AD-4C52-4976-99E2-0B5CA1751E70}.Release|Any CPU.Build.0 = Release|Any CPU
		{F4EDA64C-F0F1-4DEF-A29C-727BB10E7685}.Debug|Any CPU.ActiveCfg = Debug|Any CPU
		{F4EDA64C-F0F1-4DEF-A29C-727BB10E7685}.Debug|Any CPU.Build.0 = Debug|Any CPU
		{F4EDA64C-F0F1-4DEF-A29C-727BB10E7685}.Release|Any CPU.ActiveCfg = Release|Any CPU
		{F4EDA64C-F0F1-4DEF-A29C-727BB10E7685}.Release|Any CPU.Build.0 = Release|Any CPU
		{96D6E610-A544-495F-B75B-BDAA62FDCCBD}.Debug|Any CPU.ActiveCfg = Debug|Any CPU
		{96D6E610-A544-495F-B75B-BDAA62FDCCBD}.Debug|Any CPU.Build.0 = Debug|Any CPU
		{96D6E610-A544-495F-B75B-BDAA62FDCCBD}.Release|Any CPU.ActiveCfg = Release|Any CPU
		{96D6E610-A544-495F-B75B-BDAA62FDCCBD}.Release|Any CPU.Build.0 = Release|Any CPU
		{6AB42225-DFA2-4A0B-8465-CF909AAC8A41}.Debug|Any CPU.ActiveCfg = Debug|Any CPU
		{6AB42225-DFA2-4A0B-8465-CF909AAC8A41}.Debug|Any CPU.Build.0 = Debug|Any CPU
		{6AB42225-DFA2-4A0B-8465-CF909AAC8A41}.Release|Any CPU.ActiveCfg = Release|Any CPU
		{6AB42225-DFA2-4A0B-8465-CF909AAC8A41}.Release|Any CPU.Build.0 = Release|Any CPU
	EndGlobalSection
	GlobalSection(SolutionProperties) = preSolution
		HideSolutionNode = FALSE
	EndGlobalSection
EndGlobal
